
Microsoft Visual Studio Solution File, Format Version 12.00
# Visual Studio Version 16
VisualStudioVersion = 16.0.29709.97
MinimumVisualStudioVersion = 10.0.40219.1
Project("{9A19103F-16F7-4668-BE54-9A1E7A4F7556}") = "TestAppAngular", "TestAppAngular\TestAppAngular.csproj", "{D4F71F55-26A9-4D54-8921-C568D4CC4ADB}"
EndProject
Global
	GlobalSection(SolutionConfigurationPlatforms) = preSolution
		Debug|Any CPU = Debug|Any CPU
		Release|Any CPU = Release|Any CPU
	EndGlobalSection
	GlobalSection(ProjectConfigurationPlatforms) = postSolution
		{D4F71F55-26A9-4D54-8921-C568D4CC4ADB}.Debug|Any CPU.ActiveCfg = Debug|Any CPU
		{D4F71F55-26A9-4D54-8921-C568D4CC4ADB}.Debug|Any CPU.Build.0 = Debug|Any CPU
		{D4F71F55-26A9-4D54-8921-C568D4CC4ADB}.Release|Any CPU.ActiveCfg = Release|Any CPU
		{D4F71F55-26A9-4D54-8921-C568D4CC4ADB}.Release|Any CPU.Build.0 = Release|Any CPU
	EndGlobalSection
	GlobalSection(SolutionProperties) = preSolution
		HideSolutionNode = FALSE
	EndGlobalSection
	GlobalSection(ExtensibilityGlobals) = postSolution
		SolutionGuid = {6F414C31-F3EF-428B-8CE8-1582A5C07102}
	EndGlobalSection
EndGlobal
